
Microsoft Visual Studio Solution File, Format Version 12.00
# Visual Studio Version 17
VisualStudioVersion = 17.5.33516.290
MinimumVisualStudioVersion = 10.0.40219.1
Project("{9A19103F-16F7-4668-BE54-9A1E7A4F7556}") = "EvoBeastsChampions_App", "EvoBeastsChampions_App\EvoBeastsChampions_App.csproj", "{940F2483-F526-452A-AAB2-C267656D7E9F}"
EndProject
Project("{9A19103F-16F7-4668-BE54-9A1E7A4F7556}") = "Firestore", "Firestore\Firestore.csproj", "{822B89A7-D97F-4D77-B70E-4E492CC799DF}"
EndProject
Project("{FAE04EC0-301F-11D3-BF4B-00C04F79EFBC}") = "Entities", "Entities\Entities.csproj", "{EE55E8A5-15B6-4DA0-A353-CF52FB61691E}"
EndProject
Project("{FAE04EC0-301F-11D3-BF4B-00C04F79EFBC}") = "EntitiesServices", "EntitiesServices\EntitiesServices.csproj", "{6A4F2841-5488-412F-96DA-F9FA32F6571B}"
EndProject
Global
	GlobalSection(SolutionConfigurationPlatforms) = preSolution
		Debug|Any CPU = Debug|Any CPU
		Release|Any CPU = Release|Any CPU
	EndGlobalSection
	GlobalSection(ProjectConfigurationPlatforms) = postSolution
		{940F2483-F526-452A-AAB2-C267656D7E9F}.Debug|Any CPU.ActiveCfg = Debug|Any CPU
		{940F2483-F526-452A-AAB2-C267656D7E9F}.Debug|Any CPU.Build.0 = Debug|Any CPU
		{940F2483-F526-452A-AAB2-C267656D7E9F}.Release|Any CPU.ActiveCfg = Release|Any CPU
		{940F2483-F526-452A-AAB2-C267656D7E9F}.Release|Any CPU.Build.0 = Release|Any CPU
		{822B89A7-D97F-4D77-B70E-4E492CC799DF}.Debug|Any CPU.ActiveCfg = Debug|Any CPU
		{822B89A7-D97F-4D77-B70E-4E492CC799DF}.Debug|Any CPU.Build.0 = Debug|Any CPU
		{822B89A7-D97F-4D77-B70E-4E492CC799DF}.Release|Any CPU.ActiveCfg = Release|Any CPU
		{822B89A7-D97F-4D77-B70E-4E492CC799DF}.Release|Any CPU.Build.0 = Release|Any CPU
		{EE55E8A5-15B6-4DA0-A353-CF52FB61691E}.Debug|Any CPU.ActiveCfg = Debug|Any CPU
		{EE55E8A5-15B6-4DA0-A353-CF52FB61691E}.Debug|Any CPU.Build.0 = Debug|Any CPU
		{EE55E8A5-15B6-4DA0-A353-CF52FB61691E}.Release|Any CPU.ActiveCfg = Release|Any CPU
		{EE55E8A5-15B6-4DA0-A353-CF52FB61691E}.Release|Any CPU.Build.0 = Release|Any CPU
		{6A4F2841-5488-412F-96DA-F9FA32F6571B}.Debug|Any CPU.ActiveCfg = Debug|Any CPU
		{6A4F2841-5488-412F-96DA-F9FA32F6571B}.Debug|Any CPU.Build.0 = Debug|Any CPU
		{6A4F2841-5488-412F-96DA-F9FA32F6571B}.Release|Any CPU.ActiveCfg = Release|Any CPU
		{6A4F2841-5488-412F-96DA-F9FA32F6571B}.Release|Any CPU.Build.0 = Release|Any CPU
	EndGlobalSection
	GlobalSection(SolutionProperties) = preSolution
		HideSolutionNode = FALSE
	EndGlobalSection
	GlobalSection(ExtensibilityGlobals) = postSolution
		SolutionGuid = {FE3A7A64-74BC-43CC-BC1C-052A49DD52DC}
	EndGlobalSection
EndGlobal
